
Microsoft Visual Studio Solution File, Format Version 12.00
# Visual Studio Version 16
VisualStudioVersion = 16.0.29728.190
MinimumVisualStudioVersion = 10.0.40219.1
Project("{FAE04EC0-301F-11D3-BF4B-00C04F79EFBC}") = "BanditCamp", "BanditCamp.csproj", "{B8C72A59-6615-46F5-AEF2-92ED1C19C1B9}"
EndProject
Global
	GlobalSection(SolutionConfigurationPlatforms) = preSolution
		Debug|Any CPU = Debug|Any CPU
		Release|Any CPU = Release|Any CPU
	EndGlobalSection
	GlobalSection(ProjectConfigurationPlatforms) = postSolution
		{B8C72A59-6615-46F5-AEF2-92ED1C19C1B9}.Debug|Any CPU.ActiveCfg = Debug|Any CPU
		{B8C72A59-6615-46F5-AEF2-92ED1C19C1B9}.Debug|Any CPU.Build.0 = Debug|Any CPU
		{B8C72A59-6615-46F5-AEF2-92ED1C19C1B9}.Release|Any CPU.ActiveCfg = Release|Any CPU
		{B8C72A59-6615-46F5-AEF2-92ED1C19C1B9}.Release|Any CPU.Build.0 = Release|Any CPU
	EndGlobalSection
	GlobalSection(SolutionProperties) = preSolution
		HideSolutionNode = FALSE
	EndGlobalSection
	GlobalSection(ExtensibilityGlobals) = postSolution
		SolutionGuid = {8421DE01-E925-49C1-A3D8-B207A0860E2F}
	EndGlobalSection
EndGlobal
